
Microsoft Visual Studio Solution File, Format Version 12.00
# Visual Studio 2013
VisualStudioVersion = 12.0.40629.0
MinimumVisualStudioVersion = 10.0.40219.1
Project("{FAE04EC0-301F-11D3-BF4B-00C04F79EFBC}") = "Mundoarkano.Droid", "Mundoarkano\Mundoarkano.Droid\Mundoarkano.Droid.csproj", "{302F1BB9-D4F6-4688-BECB-7B42CAADD3F4}"
EndProject
Project("{FAE04EC0-301F-11D3-BF4B-00C04F79EFBC}") = "Mundoarkano.iOS", "Mundoarkano\Mundoarkano.iOS\Mundoarkano.iOS.csproj", "{336D90CE-A93C-431A-B202-D1F695693E44}"
EndProject
Project("{FAE04EC0-301F-11D3-BF4B-00C04F79EFBC}") = "Mundoarkano.WinPhone", "Mundoarkano\Mundoarkano.WinPhone\Mundoarkano.WinPhone.csproj", "{8D78C4C5-B2F0-4C23-AE40-C3F1E2B6549F}"
EndProject
Project("{FAE04EC0-301F-11D3-BF4B-00C04F79EFBC}") = "Mundoarkano", "Mundoarkano\Mundoarkano\Mundoarkano.csproj", "{B74D6138-8EF7-4364-9C59-8F830F172CB1}"
EndProject
Global
	GlobalSection(SolutionConfigurationPlatforms) = preSolution
		Ad-Hoc|Any CPU = Ad-Hoc|Any CPU
		Ad-Hoc|ARM = Ad-Hoc|ARM
		Ad-Hoc|iPhone = Ad-Hoc|iPhone
		Ad-Hoc|iPhoneSimulator = Ad-Hoc|iPhoneSimulator
		Ad-Hoc|Mixed Platforms = Ad-Hoc|Mixed Platforms
		Ad-Hoc|x86 = Ad-Hoc|x86
		AppStore|Any CPU = AppStore|Any CPU
		AppStore|ARM = AppStore|ARM
		AppStore|iPhone = AppStore|iPhone
		AppStore|iPhoneSimulator = AppStore|iPhoneSimulator
		AppStore|Mixed Platforms = AppStore|Mixed Platforms
		AppStore|x86 = AppStore|x86
		Debug|Any CPU = Debug|Any CPU
		Debug|ARM = Debug|ARM
		Debug|iPhone = Debug|iPhone
		Debug|iPhoneSimulator = Debug|iPhoneSimulator
		Debug|Mixed Platforms = Debug|Mixed Platforms
		Debug|x86 = Debug|x86
		Release|Any CPU = Release|Any CPU
		Release|ARM = Release|ARM
		Release|iPhone = Release|iPhone
		Release|iPhoneSimulator = Release|iPhoneSimulator
		Release|Mixed Platforms = Release|Mixed Platforms
		Release|x86 = Release|x86
	EndGlobalSection
	GlobalSection(ProjectConfigurationPlatforms) = postSolution
		{302F1BB9-D4F6-4688-BECB-7B42CAADD3F4}.Ad-Hoc|Any CPU.ActiveCfg = Release|Any CPU
		{302F1BB9-D4F6-4688-BECB-7B42CAADD3F4}.Ad-Hoc|Any CPU.Build.0 = Release|Any CPU
		{302F1BB9-D4F6-4688-BECB-7B42CAADD3F4}.Ad-Hoc|Any CPU.Deploy.0 = Release|Any CPU
		{302F1BB9-D4F6-4688-BECB-7B42CAADD3F4}.Ad-Hoc|ARM.ActiveCfg = Release|Any CPU
		{302F1BB9-D4F6-4688-BECB-7B42CAADD3F4}.Ad-Hoc|iPhone.ActiveCfg = Release|Any CPU
		{302F1BB9-D4F6-4688-BECB-7B42CAADD3F4}.Ad-Hoc|iPhoneSimulator.ActiveCfg = Release|Any CPU
		{302F1BB9-D4F6-4688-BECB-7B42CAADD3F4}.Ad-Hoc|Mixed Platforms.ActiveCfg = Release|Any CPU
		{302F1BB9-D4F6-4688-BECB-7B42CAADD3F4}.Ad-Hoc|Mixed Platforms.Build.0 = Release|Any CPU
		{302F1BB9-D4F6-4688-BECB-7B42CAADD3F4}.Ad-Hoc|Mixed Platforms.Deploy.0 = Release|Any CPU
		{302F1BB9-D4F6-4688-BECB-7B42CAADD3F4}.Ad-Hoc|x86.ActiveCfg = Release|Any CPU
		{302F1BB9-D4F6-4688-BECB-7B42CAADD3F4}.AppStore|Any CPU.ActiveCfg = Release|Any CPU
		{302F1BB9-D4F6-4688-BECB-7B42CAADD3F4}.AppStore|Any CPU.Build.0 = Release|Any CPU
		{302F1BB9-D4F6-4688-BECB-7B42CAADD3F4}.AppStore|Any CPU.Deploy.0 = Release|Any CPU
		{302F1BB9-D4F6-4688-BECB-7B42CAADD3F4}.AppStore|ARM.ActiveCfg = Release|Any CPU
		{302F1BB9-D4F6-4688-BECB-7B42CAADD3F4}.AppStore|iPhone.ActiveCfg = Release|Any CPU
		{302F1BB9-D4F6-4688-BECB-7B42CAADD3F4}.AppStore|iPhoneSimulator.ActiveCfg = Release|Any CPU
		{302F1BB9-D4F6-4688-BECB-7B42CAADD3F4}.AppStore|Mixed Platforms.ActiveCfg = Release|Any CPU
		{302F1BB9-D4F6-4688-BECB-7B42CAADD3F4}.AppStore|Mixed Platforms.Build.0 = Release|Any CPU
		{302F1BB9-D4F6-4688-BECB-7B42CAADD3F4}.AppStore|Mixed Platforms.Deploy.0 = Release|Any CPU
		{302F1BB9-D4F6-4688-BECB-7B42CAADD3F4}.AppStore|x86.ActiveCfg = Release|Any CPU
		{302F1BB9-D4F6-4688-BECB-7B42CAADD3F4}.Debug|Any CPU.ActiveCfg = Debug|Any CPU
		{302F1BB9-D4F6-4688-BECB-7B42CAADD3F4}.Debug|Any CPU.Build.0 = Debug|Any CPU
		{302F1BB9-D4F6-4688-BECB-7B42CAADD3F4}.Debug|Any CPU.Deploy.0 = Debug|Any CPU
		{302F1BB9-D4F6-4688-BECB-7B42CAADD3F4}.Debug|ARM.ActiveCfg = Debug|Any CPU
		{302F1BB9-D4F6-4688-BECB-7B42CAADD3F4}.Debug|iPhone.ActiveCfg = Debug|Any CPU
		{302F1BB9-D4F6-4688-BECB-7B42CAADD3F4}.Debug|iPhoneSimulator.ActiveCfg = Debug|Any CPU
		{302F1BB9-D4F6-4688-BECB-7B42CAADD3F4}.Debug|Mixed Platforms.ActiveCfg = Debug|Any CPU
		{302F1BB9-D4F6-4688-BECB-7B42CAADD3F4}.Debug|Mixed Platforms.Build.0 = Debug|Any CPU
		{302F1BB9-D4F6-4688-BECB-7B42CAADD3F4}.Debug|Mixed Platforms.Deploy.0 = Debug|Any CPU
		{302F1BB9-D4F6-4688-BECB-7B42CAADD3F4}.Debug|x86.ActiveCfg = Debug|Any CPU
		{302F1BB9-D4F6-4688-BECB-7B42CAADD3F4}.Release|Any CPU.ActiveCfg = Release|Any CPU
		{302F1BB9-D4F6-4688-BECB-7B42CAADD3F4}.Release|Any CPU.Build.0 = Release|Any CPU
		{302F1BB9-D4F6-4688-BECB-7B42CAADD3F4}.Release|Any CPU.Deploy.0 = Release|Any CPU
		{302F1BB9-D4F6-4688-BECB-7B42CAADD3F4}.Release|ARM.ActiveCfg = Release|Any CPU
		{302F1BB9-D4F6-4688-BECB-7B42CAADD3F4}.Release|iPhone.ActiveCfg = Release|Any CPU
		{302F1BB9-D4F6-4688-BECB-7B42CAADD3F4}.Release|iPhoneSimulator.ActiveCfg = Release|Any CPU
		{302F1BB9-D4F6-4688-BECB-7B42CAADD3F4}.Release|Mixed Platforms.ActiveCfg = Release|Any CPU
		{302F1BB9-D4F6-4688-BECB-7B42CAADD3F4}.Release|Mixed Platforms.Build.0 = Release|Any CPU
		{302F1BB9-D4F6-4688-BECB-7B42CAADD3F4}.Release|Mixed Platforms.Deploy.0 = Release|Any CPU
		{302F1BB9-D4F6-4688-BECB-7B42CAADD3F4}.Release|x86.ActiveCfg = Release|Any CPU
		{336D90CE-A93C-431A-B202-D1F695693E44}.Ad-Hoc|Any CPU.ActiveCfg = Ad-Hoc|iPhone
		{336D90CE-A93C-431A-B202-D1F695693E44}.Ad-Hoc|ARM.ActiveCfg = Ad-Hoc|iPhone
		{336D90CE-A93C-431A-B202-D1F695693E44}.Ad-Hoc|iPhone.ActiveCfg = Ad-Hoc|iPhone
		{336D90CE-A93C-431A-B202-D1F695693E44}.Ad-Hoc|iPhone.Build.0 = Ad-Hoc|iPhone
		{336D90CE-A93C-431A-B202-D1F695693E44}.Ad-Hoc|iPhoneSimulator.ActiveCfg = Ad-Hoc|iPhoneSimulator
		{336D90CE-A93C-431A-B202-D1F695693E44}.Ad-Hoc|iPhoneSimulator.Build.0 = Ad-Hoc|iPhoneSimulator
		{336D90CE-A93C-431A-B202-D1F695693E44}.Ad-Hoc|Mixed Platforms.ActiveCfg = Ad-Hoc|iPhone
		{336D90CE-A93C-431A-B202-D1F695693E44}.Ad-Hoc|Mixed Platforms.Build.0 = Ad-Hoc|iPhone
		{336D90CE-A93C-431A-B202-D1F695693E44}.Ad-Hoc|x86.ActiveCfg = Ad-Hoc|iPhone
		{336D90CE-A93C-431A-B202-D1F695693E44}.AppStore|Any CPU.ActiveCfg = AppStore|iPhone
		{336D90CE-A93C-431A-B202-D1F695693E44}.AppStore|ARM.ActiveCfg = AppStore|iPhone
		{336D90CE-A93C-431A-B202-D1F695693E44}.AppStore|iPhone.ActiveCfg = AppStore|iPhone
		{336D90CE-A93C-431A-B202-D1F695693E44}.AppStore|iPhone.Build.0 = AppStore|iPhone
		{336D90CE-A93C-431A-B202-D1F695693E44}.AppStore|iPhoneSimulator.ActiveCfg = AppStore|iPhoneSimulator
		{336D90CE-A93C-431A-B202-D1F695693E44}.AppStore|iPhoneSimulator.Build.0 = AppStore|iPhoneSimulator
		{336D90CE-A93C-431A-B202-D1F695693E44}.AppStore|Mixed Platforms.ActiveCfg = AppStore|iPhone
		{336D90CE-A93C-431A-B202-D1F695693E44}.AppStore|Mixed Platforms.Build.0 = AppStore|iPhone
		{336D90CE-A93C-431A-B202-D1F695693E44}.AppStore|x86.ActiveCfg = AppStore|iPhone
		{336D90CE-A93C-431A-B202-D1F695693E44}.Debug|Any CPU.ActiveCfg = Debug|iPhone
		{336D90CE-A93C-431A-B202-D1F695693E44}.Debug|ARM.ActiveCfg = Debug|iPhone
		{336D90CE-A93C-431A-B202-D1F695693E44}.Debug|iPhone.ActiveCfg = Debug|iPhone
		{336D90CE-A93C-431A-B202-D1F695693E44}.Debug|iPhone.Build.0 = Debug|iPhone
		{336D90CE-A93C-431A-B202-D1F695693E44}.Debug|iPhoneSimulator.ActiveCfg = Debug|iPhoneSimulator
		{336D90CE-A93C-431A-B202-D1F695693E44}.Debug|iPhoneSimulator.Build.0 = Debug|iPhoneSimulator
		{336D90CE-A93C-431A-B202-D1F695693E44}.Debug|Mixed Platforms.ActiveCfg = Debug|iPhone
		{336D90CE-A93C-431A-B202-D1F695693E44}.Debug|Mixed Platforms.Build.0 = Debug|iPhone
		{336D90CE-A93C-431A-B202-D1F695693E44}.Debug|x86.ActiveCfg = Debug|iPhone
		{336D90CE-A93C-431A-B202-D1F695693E44}.Release|Any CPU.ActiveCfg = Release|iPhone
		{336D90CE-A93C-431A-B202-D1F695693E44}.Release|ARM.ActiveCfg = Release|iPhone
		{336D90CE-A93C-431A-B202-D1F695693E44}.Release|iPhone.ActiveCfg = Release|iPhone
		{336D90CE-A93C-431A-B202-D1F695693E44}.Release|iPhone.Build.0 = Release|iPhone
		{336D90CE-A93C-431A-B202-D1F695693E44}.Release|iPhoneSimulator.ActiveCfg = Release|iPhoneSimulator
		{336D90CE-A93C-431A-B202-D1F695693E44}.Release|iPhoneSimulator.Build.0 = Release|iPhoneSimulator
		{336D90CE-A93C-431A-B202-D1F695693E44}.Release|Mixed Platforms.ActiveCfg = Release|iPhone
		{336D90CE-A93C-431A-B202-D1F695693E44}.Release|Mixed Platforms.Build.0 = Release|iPhone
		{336D90CE-A93C-431A-B202-D1F695693E44}.Release|x86.ActiveCfg = Release|iPhone
		{8D78C4C5-B2F0-4C23-AE40-C3F1E2B6549F}.Ad-Hoc|Any CPU.ActiveCfg = Release|Any CPU
		{8D78C4C5-B2F0-4C23-AE40-C3F1E2B6549F}.Ad-Hoc|Any CPU.Build.0 = Release|Any CPU
		{8D78C4C5-B2F0-4C23-AE40-C3F1E2B6549F}.Ad-Hoc|Any CPU.Deploy.0 = Release|Any CPU
		{8D78C4C5-B2F0-4C23-AE40-C3F1E2B6549F}.Ad-Hoc|ARM.ActiveCfg = Release|ARM
		{8D78C4C5-B2F0-4C23-AE40-C3F1E2B6549F}.Ad-Hoc|ARM.Build.0 = Release|ARM
		{8D78C4C5-B2F0-4C23-AE40-C3F1E2B6549F}.Ad-Hoc|ARM.Deploy.0 = Release|ARM
		{8D78C4C5-B2F0-4C23-AE40-C3F1E2B6549F}.Ad-Hoc|iPhone.ActiveCfg = Release|Any CPU
		{8D78C4C5-B2F0-4C23-AE40-C3F1E2B6549F}.Ad-Hoc|iPhoneSimulator.ActiveCfg = Release|Any CPU
		{8D78C4C5-B2F0-4C23-AE40-C3F1E2B6549F}.Ad-Hoc|Mixed Platforms.ActiveCfg = Release|x86
		{8D78C4C5-B2F0-4C23-AE40-C3F1E2B6549F}.Ad-Hoc|Mixed Platforms.Build.0 = Release|x86
		{8D78C4C5-B2F0-4C23-AE40-C3F1E2B6549F}.Ad-Hoc|Mixed Platforms.Deploy.0 = Release|x86
		{8D78C4C5-B2F0-4C23-AE40-C3F1E2B6549F}.Ad-Hoc|x86.ActiveCfg = Release|x86
		{8D78C4C5-B2F0-4C23-AE40-C3F1E2B6549F}.Ad-Hoc|x86.Build.0 = Release|x86
		{8D78C4C5-B2F0-4C23-AE40-C3F1E2B6549F}.Ad-Hoc|x86.Deploy.0 = Release|x86
		{8D78C4C5-B2F0-4C23-AE40-C3F1E2B6549F}.AppStore|Any CPU.ActiveCfg = Release|Any CPU
		{8D78C4C5-B2F0-4C23-AE40-C3F1E2B6549F}.AppStore|Any CPU.Build.0 = Release|Any CPU
		{8D78C4C5-B2F0-4C23-AE40-C3F1E2B6549F}.AppStore|Any CPU.Deploy.0 = Release|Any CPU
		{8D78C4C5-B2F0-4C23-AE40-C3F1E2B6549F}.AppStore|ARM.ActiveCfg = Release|ARM
		{8D78C4C5-B2F0-4C23-AE40-C3F1E2B6549F}.AppStore|ARM.Build.0 = Release|ARM
		{8D78C4C5-B2F0-4C23-AE40-C3F1E2B6549F}.AppStore|ARM.Deploy.0 = Release|ARM
		{8D78C4C5-B2F0-4C23-AE40-C3F1E2B6549F}.AppStore|iPhone.ActiveCfg = Release|Any CPU
		{8D78C4C5-B2F0-4C23-AE40-C3F1E2B6549F}.AppStore|iPhoneSimulator.ActiveCfg = Release|Any CPU
		{8D78C4C5-B2F0-4C23-AE40-C3F1E2B6549F}.AppStore|Mixed Platforms.ActiveCfg = Release|x86
		{8D78C4C5-B2F0-4C23-AE40-C3F1E2B6549F}.AppStore|Mixed Platforms.Build.0 = Release|x86
		{8D78C4C5-B2F0-4C23-AE40-C3F1E2B6549F}.AppStore|Mixed Platforms.Deploy.0 = Release|x86
		{8D78C4C5-B2F0-4C23-AE40-C3F1E2B6549F}.AppStore|x86.ActiveCfg = Release|x86
		{8D78C4C5-B2F0-4C23-AE40-C3F1E2B6549F}.AppStore|x86.Build.0 = Release|x86
		{8D78C4C5-B2F0-4C23-AE40-C3F1E2B6549F}.AppStore|x86.Deploy.0 = Release|x86
		{8D78C4C5-B2F0-4C23-AE40-C3F1E2B6549F}.Debug|Any CPU.ActiveCfg = Debug|Any CPU
		{8D78C4C5-B2F0-4C23-AE40-C3F1E2B6549F}.Debug|Any CPU.Build.0 = Debug|Any CPU
		{8D78C4C5-B2F0-4C23-AE40-C3F1E2B6549F}.Debug|Any CPU.Deploy.0 = Debug|Any CPU
		{8D78C4C5-B2F0-4C23-AE40-C3F1E2B6549F}.Debug|ARM.ActiveCfg = Debug|ARM
		{8D78C4C5-B2F0-4C23-AE40-C3F1E2B6549F}.Debug|ARM.Build.0 = Debug|ARM
		{8D78C4C5-B2F0-4C23-AE40-C3F1E2B6549F}.Debug|ARM.Deploy.0 = Debug|ARM
		{8D78C4C5-B2F0-4C23-AE40-C3F1E2B6549F}.Debug|iPhone.ActiveCfg = Debug|Any CPU
		{8D78C4C5-B2F0-4C23-AE40-C3F1E2B6549F}.Debug|iPhoneSimulator.ActiveCfg = Debug|Any CPU
		{8D78C4C5-B2F0-4C23-AE40-C3F1E2B6549F}.Debug|Mixed Platforms.ActiveCfg = Debug|x86
		{8D78C4C5-B2F0-4C23-AE40-C3F1E2B6549F}.Debug|Mixed Platforms.Build.0 = Debug|x86
		{8D78C4C5-B2F0-4C23-AE40-C3F1E2B6549F}.Debug|Mixed Platforms.Deploy.0 = Debug|x86
		{8D78C4C5-B2F0-4C23-AE40-C3F1E2B6549F}.Debug|x86.ActiveCfg = Debug|x86
		{8D78C4C5-B2F0-4C23-AE40-C3F1E2B6549F}.Debug|x86.Build.0 = Debug|x86
		{8D78C4C5-B2F0-4C23-AE40-C3F1E2B6549F}.Debug|x86.Deploy.0 = Debug|x86
		{8D78C4C5-B2F0-4C23-AE40-C3F1E2B6549F}.Release|Any CPU.ActiveCfg = Release|Any CPU
		{8D78C4C5-B2F0-4C23-AE40-C3F1E2B6549F}.Release|Any CPU.Build.0 = Release|Any CPU
		{8D78C4C5-B2F0-4C23-AE40-C3F1E2B6549F}.Release|Any CPU.Deploy.0 = Release|Any CPU
		{8D78C4C5-B2F0-4C23-AE40-C3F1E2B6549F}.Release|ARM.ActiveCfg = Release|ARM
		{8D78C4C5-B2F0-4C23-AE40-C3F1E2B6549F}.Release|ARM.Build.0 = Release|ARM
		{8D78C4C5-B2F0-4C23-AE40-C3F1E2B6549F}.Release|ARM.Deploy.0 = Release|ARM
		{8D78C4C5-B2F0-4C23-AE40-C3F1E2B6549F}.Release|iPhone.ActiveCfg = Release|Any CPU
		{8D78C4C5-B2F0-4C23-AE40-C3F1E2B6549F}.Release|iPhoneSimulator.ActiveCfg = Release|Any CPU
		{8D78C4C5-B2F0-4C23-AE40-C3F1E2B6549F}.Release|Mixed Platforms.ActiveCfg = Release|x86
		{8D78C4C5-B2F0-4C23-AE40-C3F1E2B6549F}.Release|Mixed Platforms.Build.0 = Release|x86
		{8D78C4C5-B2F0-4C23-AE40-C3F1E2B6549F}.Release|Mixed Platforms.Deploy.0 = Release|x86
		{8D78C4C5-B2F0-4C23-AE40-C3F1E2B6549F}.Release|x86.ActiveCfg = Release|x86
		{8D78C4C5-B2F0-4C23-AE40-C3F1E2B6549F}.Release|x86.Build.0 = Release|x86
		{8D78C4C5-B2F0-4C23-AE40-C3F1E2B6549F}.Release|x86.Deploy.0 = Release|x86
		{B74D6138-8EF7-4364-9C59-8F830F172CB1}.Ad-Hoc|Any CPU.ActiveCfg = Release|Any CPU
		{B74D6138-8EF7-4364-9C59-8F830F172CB1}.Ad-Hoc|Any CPU.Build.0 = Release|Any CPU
		{B74D6138-8EF7-4364-9C59-8F830F172CB1}.Ad-Hoc|ARM.ActiveCfg = Release|Any CPU
		{B74D6138-8EF7-4364-9C59-8F830F172CB1}.Ad-Hoc|iPhone.ActiveCfg = Release|Any CPU
		{B74D6138-8EF7-4364-9C59-8F830F172CB1}.Ad-Hoc|iPhone.Build.0 = Release|Any CPU
		{B74D6138-8EF7-4364-9C59-8F830F172CB1}.Ad-Hoc|iPhoneSimulator.ActiveCfg = Release|Any CPU
		{B74D6138-8EF7-4364-9C59-8F830F172CB1}.Ad-Hoc|iPhoneSimulator.Build.0 = Release|Any CPU
		{B74D6138-8EF7-4364-9C59-8F830F172CB1}.Ad-Hoc|Mixed Platforms.ActiveCfg = Release|Any CPU
		{B74D6138-8EF7-4364-9C59-8F830F172CB1}.Ad-Hoc|Mixed Platforms.Build.0 = Release|Any CPU
		{B74D6138-8EF7-4364-9C59-8F830F172CB1}.Ad-Hoc|x86.ActiveCfg = Release|Any CPU
		{B74D6138-8EF7-4364-9C59-8F830F172CB1}.AppStore|Any CPU.ActiveCfg = Release|Any CPU
		{B74D6138-8EF7-4364-9C59-8F830F172CB1}.AppStore|Any CPU.Build.0 = Release|Any CPU
		{B74D6138-8EF7-4364-9C59-8F830F172CB1}.AppStore|ARM.ActiveCfg = Release|Any CPU
		{B74D6138-8EF7-4364-9C59-8F830F172CB1}.AppStore|iPhone.ActiveCfg = Release|Any CPU
		{B74D6138-8EF7-4364-9C59-8F830F172CB1}.AppStore|iPhone.Build.0 = Release|Any CPU
		{B74D6138-8EF7-4364-9C59-8F830F172CB1}.AppStore|iPhoneSimulator.ActiveCfg = Release|Any CPU
		{B74D6138-8EF7-4364-9C59-8F830F172CB1}.AppStore|iPhoneSimulator.Build.0 = Release|Any CPU
		{B74D6138-8EF7-4364-9C59-8F830F172CB1}.AppStore|Mixed Platforms.ActiveCfg = Release|Any CPU
		{B74D6138-8EF7-4364-9C59-8F830F172CB1}.AppStore|Mixed Platforms.Build.0 = Release|Any CPU
		{B74D6138-8EF7-4364-9C59-8F830F172CB1}.AppStore|x86.ActiveCfg = Release|Any CPU
		{B74D6138-8EF7-4364-9C59-8F830F172CB1}.Debug|Any CPU.ActiveCfg = Debug|Any CPU
		{B74D6138-8EF7-4364-9C59-8F830F172CB1}.Debug|Any CPU.Build.0 = Debug|Any CPU
		{B74D6138-8EF7-4364-9C59-8F830F172CB1}.Debug|ARM.ActiveCfg = Debug|Any CPU
		{B74D6138-8EF7-4364-9C59-8F830F172CB1}.Debug|iPhone.ActiveCfg = Debug|Any CPU
		{B74D6138-8EF7-4364-9C59-8F830F172CB1}.Debug|iPhone.Build.0 = Debug|Any CPU
		{B74D6138-8EF7-4364-9C59-8F830F172CB1}.Debug|iPhoneSimulator.ActiveCfg = Debug|Any CPU
		{B74D6138-8EF7-4364-9C59-8F830F172CB1}.Debug|iPhoneSimulator.Build.0 = Debug|Any CPU
		{B74D6138-8EF7-4364-9C59-8F830F172CB1}.Debug|Mixed Platforms.ActiveCfg = Debug|Any CPU
		{B74D6138-8EF7-4364-9C59-8F830F172CB1}.Debug|Mixed Platforms.Build.0 = Debug|Any CPU
		{B74D6138-8EF7-4364-9C59-8F830F172CB1}.Debug|x86.ActiveCfg = Debug|Any CPU
		{B74D6138-8EF7-4364-9C59-8F830F172CB1}.Release|Any CPU.ActiveCfg = Release|Any CPU
		{B74D6138-8EF7-4364-9C59-8F830F172CB1}.Release|Any CPU.Build.0 = Release|Any CPU
		{B74D6138-8EF7-4364-9C59-8F830F172CB1}.Release|ARM.ActiveCfg = Release|Any CPU
		{B74D6138-8EF7-4364-9C59-8F830F172CB1}.Release|iPhone.ActiveCfg = Release|Any CPU
		{B74D6138-8EF7-4364-9C59-8F830F172CB1}.Release|iPhone.Build.0 = Release|Any CPU
		{B74D6138-8EF7-4364-9C59-8F830F172CB1}.Release|iPhoneSimulator.ActiveCfg = Release|Any CPU
		{B74D6138-8EF7-4364-9C59-8F830F172CB1}.Release|iPhoneSimulator.Build.0 = Release|Any CPU
		{B74D6138-8EF7-4364-9C59-8F830F172CB1}.Release|Mixed Platforms.ActiveCfg = Release|Any CPU
		{B74D6138-8EF7-4364-9C59-8F830F172CB1}.Release|Mixed Platforms.Build.0 = Release|Any CPU
		{B74D6138-8EF7-4364-9C59-8F830F172CB1}.Release|x86.ActiveCfg = Release|Any CPU
	EndGlobalSection
	GlobalSection(SolutionProperties) = preSolution
		HideSolutionNode = FALSE
	EndGlobalSection
EndGlobal
